# THIS IS AN AUTOGENERATED FILE. DO NOT EDIT THIS FILE DIRECTLY.
# yarn lockfile v1


"inherits@*":
  "integrity" "sha512-k/vGaX4/Yla3WzyMCvTQOXYeIHvqOKtnqBduzTHpzpQZzAskKMhZ2K+EnBiSM9zGSoIFeMpXKxa4dYeZIQqewQ=="
  "resolved" "https://registry.npmjs.org/inherits/-/inherits-2.0.4.tgz"
  "version" "2.0.4"

"inherits@~1.0.0":
  "version" "1.0.0"

"slide@*":
  "integrity" "sha1-VusCfWW00tzmyy4tMsTUr8nh1wc="
  "resolved" "https://registry.npmjs.org/slide/-/slide-1.1.6.tgz"
  "version" "1.1.6"

"tap-assert@0.x":
  "integrity" "sha1-KscjZBJ0OhdUirwo7VOhFygNWWo="
  "resolved" "https://registry.npmjs.org/tap-assert/-/tap-assert-0.0.11.tgz"
  "version" "0.0.11"

"tap-consumer@0.x":
  "integrity" "sha1-oSf7Dyj+9LX+Vzsvz70XDicCB5Y="
  "resolved" "https://registry.npmjs.org/tap-consumer/-/tap-consumer-0.0.1.tgz"
  "version" "0.0.1"
  dependencies:
    "inherits" "*"
    "tap-results" "0.x"
    "yamlish" "*"

"tap-global-harness@0.x":
  "integrity" "sha1-clDb+p1j6S1XB5rmzLdzqqLDdj8="
  "resolved" "https://registry.npmjs.org/tap-global-harness/-/tap-global-harness-0.0.1.tgz"
  "version" "0.0.1"
  dependencies:
    "inherits" "*"
    "tap-harness" "0.x"
    "tap-results" "0.x"
    "tap-test" "0.x"

"tap-harness@0.x":
  "integrity" "sha1-BtxYlW50YZbdHN4kMwwM9QNmoG8="
  "resolved" "https://registry.npmjs.org/tap-harness/-/tap-harness-0.0.3.tgz"
  "version" "0.0.3"
  dependencies:
    "inherits" "*"
    "tap-assert" "0.x"
    "tap-producer" "0.x"
    "tap-results" "~0.0 >=0.0.2"
    "yamlish" "*"

"tap-producer@0.x":
  "integrity" "sha1-C1cjE3LONiqtZXFcDW6kV1hpXWw="
  "resolved" "https://registry.npmjs.org/tap-producer/-/tap-producer-0.0.1.tgz"
  "version" "0.0.1"
  dependencies:
    "inherits" "*"
    "tap-results" "0.x"
    "yamlish" "*"

"tap-results@~0.0 >=0.0.2", "tap-results@0.x":
  "integrity" "sha1-oSTf56S2YnnG9lrtxU7Fl3RkJos="
  "resolved" "https://registry.npmjs.org/tap-results/-/tap-results-0.0.2.tgz"
  "version" "0.0.2"
  dependencies:
    "inherits" "~1.0.0"

"tap-runner@0.x >=0.0.6":
  "integrity" "sha1-oVWAHbUlVLE7zZxXJ2CdCWyWsfE="
  "resolved" "https://registry.npmjs.org/tap-runner/-/tap-runner-0.0.7.tgz"
  "version" "0.0.7"
  dependencies:
    "inherits" "*"
    "slide" "*"
    "tap-assert" "0.x"
    "tap-consumer" "0.x"
    "tap-producer" "0.x"
    "tap-results" "0.x"
    "yamlish" "*"

"tap-test@0.x":
  "integrity" "sha1-HCQP0dcKzn3Vgi+SEncCnnvVYmU="
  "resolved" "https://registry.npmjs.org/tap-test/-/tap-test-0.0.2.tgz"
  "version" "0.0.2"
  dependencies:
    "inherits" "*"
    "tap-assert" "0.x"
    "tap-harness" "0.x"
    "tap-results" "0.x"
    "yamlish" "*"

"tap@^0.0.14":
  "integrity" "sha1-pwGA/emx3Zn2bGSC+pddGHYcPgM="
  "resolved" "https://registry.npmjs.org/tap/-/tap-0.0.14.tgz"
  "version" "0.0.14"
  dependencies:
    "inherits" "*"
    "tap-assert" "0.x"
    "tap-consumer" "0.x"
    "tap-global-harness" "0.x"
    "tap-harness" "0.x"
    "tap-producer" "0.x"
    "tap-results" "0.x"
    "tap-runner" "0.x >=0.0.6"
    "tap-test" "0.x"
    "yamlish" "*"

"yamlish@*":
  "integrity" "sha1-tK+aHcxjYYhzw9bkUewyE8OaV/s="
  "resolved" "https://registry.npmjs.org/yamlish/-/yamlish-0.0.7.tgz"
  "version" "0.0.7"
